Microsoft Visual Studio Solution File, Format Version 12.00
# Visual Studio Version 17
VisualStudioVersion = 17.5.2.0
MinimumVisualStudioVersion = 10.0.40219.1
Project("{FAE04EC0-301F-11D3-BF4B-00C04F79EFBC}") = "mycompiler", "mycompiler.csproj", "{D17318D5-1BF1-9F71-D989-E0210909ECE9}"
EndProject
Global
	GlobalSection(SolutionConfigurationPlatforms) = preSolution
		Debug|Any CPU = Debug|Any CPU
		Release|Any CPU = Release|Any CPU
	EndGlobalSection
	GlobalSection(ProjectConfigurationPlatforms) = postSolution
		{D17318D5-1BF1-9F71-D989-E0210909ECE9}.Debug|Any CPU.ActiveCfg = Debug|Any CPU
		{D17318D5-1BF1-9F71-D989-E0210909ECE9}.Debug|Any CPU.Build.0 = Debug|Any CPU
		{D17318D5-1BF1-9F71-D989-E0210909ECE9}.Release|Any CPU.ActiveCfg = Release|Any CPU
		{D17318D5-1BF1-9F71-D989-E0210909ECE9}.Release|Any CPU.Build.0 = Release|Any CPU
	EndGlobalSection
	GlobalSection(SolutionProperties) = preSolution
		HideSolutionNode = FALSE
	EndGlobalSection
	GlobalSection(ExtensibilityGlobals) = postSolution
		SolutionGuid = {0B87CD72-C9DE-445B-BA26-EDDE3010603C}
	EndGlobalSection
EndGlobal
